PODS:
  - AFNetworking (3.2.1):
    - AFNetworking/NSURLSession (= 3.2.1)
    - AFNetworking/Reachability (= 3.2.1)
    - AFNetworking/Security (= 3.2.1)
    - AFNetworking/Serialization (= 3.2.1)
    - AFNetworking/UIKit (= 3.2.1)
  - AFNetworking/NSURLSession (3.2.1):
    - AFNetworking/Reachability
    - AFNetworking/Security
    - AFNetworking/Serialization
  - AFNetworking/Reachability (3.2.1)
  - AFNetworking/Security (3.2.1)
  - AFNetworking/Serialization (3.2.1)
  - AgoraRtcEngine_macOS (2.2.1)
  - DevMateKit (1.8.2)
  - Masonry (1.1.0)
  - MJExtension (3.0.15.1)

DEPENDENCIES:
  - AFNetworking
  - AgoraRtcEngine_macOS (~> 2.2.1)
  - DevMateKit
  - Masonry
  - MJExtension (~> 3.0)

SPEC CHECKSUMS:
  AFNetworking: b6f891fdfaed196b46c7a83cf209e09697b94057
  AgoraRtcEngine_macOS: b15f6eb3083c42a664833196f1f63e3164021943
  DevMateKit: e0bf74589bbbeb0a7b469a75b88667e00e109474
  Masonry: 678fab65091a9290e40e2832a55e7ab731aad201
  MJExtension: 19bc33ce2eee2d319760f5622562cf581a6ff756

PODFILE CHECKSUM: 26a687815cc609b9fa58492c236bc4f3b7910d8d

COCOAPODS: 1.4.0
